
Microsoft Visual Studio Solution File, Format Version 12.00
# Visual Studio Version 17
VisualStudioVersion = 17.14.36717.8
MinimumVisualStudioVersion = 10.0.40219.1
Project("{FAE04EC0-301F-11D3-BF4B-00C04F79EFBC}") = "Zaya.Screenshot", "src\Zaya.Screenshot\Zaya.Screenshot.csproj", "{A8F4B165-7F6A-4DB5-95C2-7847C96574CA}"
EndProject
Project("{FAE04EC0-301F-11D3-BF4B-00C04F79EFBC}") = "Zaya.Screenshot.Impl.Windows", "src\Zaya.Screenshot.Impl.Windows\Zaya.Screenshot.Impl.Windows.csproj", "{0686C2B7-E0C3-486E-8CE6-2F59F7D95C93}"
EndProject
Project("{FAE04EC0-301F-11D3-BF4B-00C04F79EFBC}") = "Zaya.Screenshot.Tests", "tests\Zaya.Screenshot.Tests.csproj", "{E95C2118-F13A-2E32-B311-3D4C85C66AAE}"
EndProject
Global
	GlobalSection(SolutionConfigurationPlatforms) = preSolution
		Debug|Any CPU = Debug|Any CPU
		Release|Any CPU = Release|Any CPU
	EndGlobalSection
	GlobalSection(ProjectConfigurationPlatforms) = postSolution
		{A8F4B165-7F6A-4DB5-95C2-7847C96574CA}.Debug|Any CPU.ActiveCfg = Debug|Any CPU
		{A8F4B165-7F6A-4DB5-95C2-7847C96574CA}.Debug|Any CPU.Build.0 = Debug|Any CPU
		{A8F4B165-7F6A-4DB5-95C2-7847C96574CA}.Release|Any CPU.ActiveCfg = Release|Any CPU
		{A8F4B165-7F6A-4DB5-95C2-7847C96574CA}.Release|Any CPU.Build.0 = Release|Any CPU
		{0686C2B7-E0C3-486E-8CE6-2F59F7D95C93}.Debug|Any CPU.ActiveCfg = Debug|Any CPU
		{0686C2B7-E0C3-486E-8CE6-2F59F7D95C93}.Debug|Any CPU.Build.0 = Debug|Any CPU
		{0686C2B7-E0C3-486E-8CE6-2F59F7D95C93}.Release|Any CPU.ActiveCfg = Release|Any CPU
		{0686C2B7-E0C3-486E-8CE6-2F59F7D95C93}.Release|Any CPU.Build.0 = Release|Any CPU
		{E95C2118-F13A-2E32-B311-3D4C85C66AAE}.Debug|Any CPU.ActiveCfg = Debug|Any CPU
		{E95C2118-F13A-2E32-B311-3D4C85C66AAE}.Debug|Any CPU.Build.0 = Debug|Any CPU
		{E95C2118-F13A-2E32-B311-3D4C85C66AAE}.Release|Any CPU.ActiveCfg = Release|Any CPU
		{E95C2118-F13A-2E32-B311-3D4C85C66AAE}.Release|Any CPU.Build.0 = Release|Any CPU
	EndGlobalSection
	GlobalSection(SolutionProperties) = preSolution
		HideSolutionNode = FALSE
	EndGlobalSection
	GlobalSection(ExtensibilityGlobals) = postSolution
		SolutionGuid = {17E6B6DD-8392-4BC4-B254-6766E709595B}
	EndGlobalSection
EndGlobal
